
Microsoft Visual Studio Solution File, Format Version 12.00
# Visual Studio Version 17
VisualStudioVersion = 17.14.36301.6 d17.14
MinimumVisualStudioVersion = 10.0.40219.1
Project("{FAE04EC0-301F-11D3-BF4B-00C04F79EFBC}") = "Cabo", "Cabo\Cabo.csproj", "{7578227E-C348-446E-B0E0-7066E9C8F190}"
EndProject
Global
	GlobalSection(SolutionConfigurationPlatforms) = preSolution
		Debug|Any CPU = Debug|Any CPU
		Release|Any CPU = Release|Any CPU
	EndGlobalSection
	GlobalSection(ProjectConfigurationPlatforms) = postSolution
		{7578227E-C348-446E-B0E0-7066E9C8F190}.Debug|Any CPU.ActiveCfg = Debug|Any CPU
		{7578227E-C348-446E-B0E0-7066E9C8F190}.Debug|Any CPU.Build.0 = Debug|Any CPU
		{7578227E-C348-446E-B0E0-7066E9C8F190}.Release|Any CPU.ActiveCfg = Release|Any CPU
		{7578227E-C348-446E-B0E0-7066E9C8F190}.Release|Any CPU.Build.0 = Release|Any CPU
	EndGlobalSection
	GlobalSection(SolutionProperties) = preSolution
		HideSolutionNode = FALSE
	EndGlobalSection
	GlobalSection(ExtensibilityGlobals) = postSolution
		SolutionGuid = {F0DCD2F5-BA09-4040-B45B-A66D80F8424E}
	EndGlobalSection
EndGlobal
